
Microsoft Visual Studio Solution File, Format Version 12.00
# Visual Studio Version 17
VisualStudioVersion = 17.14.36301.6 d17.14
MinimumVisualStudioVersion = 10.0.40219.1
Project("{FAE04EC0-301F-11D3-BF4B-00C04F79EFBC}") = "LineBotMVC", "LineBotMVC\LineBotMVC.csproj", "{9B362ADA-9ED8-4234-9055-E779297DF796}"
EndProject
Global
	GlobalSection(SolutionConfigurationPlatforms) = preSolution
		Debug|Any CPU = Debug|Any CPU
		Release|Any CPU = Release|Any CPU
	EndGlobalSection
	GlobalSection(ProjectConfigurationPlatforms) = postSolution
		{9B362ADA-9ED8-4234-9055-E779297DF796}.Debug|Any CPU.ActiveCfg = Debug|Any CPU
		{9B362ADA-9ED8-4234-9055-E779297DF796}.Debug|Any CPU.Build.0 = Debug|Any CPU
		{9B362ADA-9ED8-4234-9055-E779297DF796}.Release|Any CPU.ActiveCfg = Release|Any CPU
		{9B362ADA-9ED8-4234-9055-E779297DF796}.Release|Any CPU.Build.0 = Release|Any CPU
	EndGlobalSection
	GlobalSection(SolutionProperties) = preSolution
		HideSolutionNode = FALSE
	EndGlobalSection
	GlobalSection(ExtensibilityGlobals) = postSolution
		SolutionGuid = {6468CEE2-7DF8-4E3A-BC29-D6F1D8EE7319}
	EndGlobalSection
EndGlobal
